
Microsoft Visual Studio Solution File, Format Version 12.00
# Visual Studio Version 18
VisualStudioVersion = 18.7.11819.209
MinimumVisualStudioVersion = 10.0.40219.1
Project("{9A19103F-16F7-4668-BE54-9A1E7A4F7556}") = "SlnDependencyDiagramGenerator", "Source\SlnDependencyDiagramGenerator.csproj", "{0510903E-8DDB-4A13-842E-5167D7475925}"
EndProject
Project("{FAE04EC0-301F-11D3-BF4B-00C04F79EFBC}") = "NugetConflictSample", "Samples\NugetConflictSample\NugetConflictSample.csproj", "{51976E9F-9C04-47D1-8805-33CAF139D711}"
EndProject
Project("{FAE04EC0-301F-11D3-BF4B-00C04F79EFBC}") = "DiagramGeneratorSample", "Samples\DiagramGeneratorSample\DiagramGeneratorSample.csproj", "{1248A3C1-2D87-94BF-3DBF-CD9BB5EFB137}"
EndProject
Project("{2150E333-8FDC-42A3-9474-1A3956D46DE8}") = "Samples", "Samples", "{D3D38A3A-CC56-4723-89E1-AB7741D0CAF3}"
	ProjectSection(SolutionItems) = preProject
		Samples\Directory.Build.props = Samples\Directory.Build.props
	EndProjectSection
EndProject
Project("{2150E333-8FDC-42A3-9474-1A3956D46DE8}") = "Tests", "Tests", "{0AB3BF05-4346-4AA6-1389-037BE0695223}"
EndProject
Project("{FAE04EC0-301F-11D3-BF4B-00C04F79EFBC}") = "SlnDependencyDiagramGenerator.Tests.Unit", "Tests\SlnDependencyDiagramGenerator.Tests.Unit\SlnDependencyDiagramGenerator.Tests.Unit.csproj", "{1019B2DF-75C9-4FB7-A126-66DFEE65991B}"
EndProject
Project("{FAE04EC0-301F-11D3-BF4B-00C04F79EFBC}") = "SlnDependencyDiagramGenerator.Tests.Integration", "Tests\SlnDependencyDiagramGenerator.Tests.Integration\SlnDependencyDiagramGenerator.Tests.Integration.csproj", "{63BB51B4-79D9-4A9C-B428-D77B0D1EBB4C}"
EndProject
Project("{2150E333-8FDC-42A3-9474-1A3956D46DE8}") = "Integration Fixtures", "Integration Fixtures", "{8965A806-772C-4EA3-8724-B15DD6AC6267}"
EndProject
Project("{2150E333-8FDC-42A3-9474-1A3956D46DE8}") = "Fixtures", "Fixtures", "{C1E7614D-6015-0FE1-00C6-9EABE9C2D636}"
EndProject
Project("{2150E333-8FDC-42A3-9474-1A3956D46DE8}") = "Basic", "Basic", "{6B006027-87ED-7BAD-9977-5514A8FF6D01}"
EndProject
Project("{FAE04EC0-301F-11D3-BF4B-00C04F79EFBC}") = "AppConsole", "Tests\SlnDependencyDiagramGenerator.Tests.Integration\Fixtures\Basic\AppConsole\AppConsole.csproj", "{CCB61FEA-3424-4E64-9180-BD4F760BE0DA}"
EndProject
Project("{FAE04EC0-301F-11D3-BF4B-00C04F79EFBC}") = "LibA", "Tests\SlnDependencyDiagramGenerator.Tests.Integration\Fixtures\Basic\LibA\LibA.csproj", "{3E065352-A517-4B8F-B529-425139BC0A8F}"
EndProject
Project("{FAE04EC0-301F-11D3-BF4B-00C04F79EFBC}") = "LibB", "Tests\SlnDependencyDiagramGenerator.Tests.Integration\Fixtures\Basic\LibB\LibB.csproj", "{03792577-94FE-45CC-A18F-8474804612A5}"
EndProject
Project("{2150E333-8FDC-42A3-9474-1A3956D46DE8}") = "Conflicts", "Conflicts", "{87208799-AF86-3DEE-C4A2-3C9F55AB37C5}"
EndProject
Project("{FAE04EC0-301F-11D3-BF4B-00C04F79EFBC}") = "App", "Tests\SlnDependencyDiagramGenerator.Tests.Integration\Fixtures\Conflicts\App\App.csproj", "{66AF2B86-BA8F-499A-836B-1063E3F1FBEA}"
EndProject
Project("{FAE04EC0-301F-11D3-BF4B-00C04F79EFBC}") = "LibV1", "Tests\SlnDependencyDiagramGenerator.Tests.Integration\Fixtures\Conflicts\LibV1\LibV1.csproj", "{E775A5A8-6B3C-4F4A-B7A7-2B346C4F8B9B}"
EndProject
Project("{FAE04EC0-301F-11D3-BF4B-00C04F79EFBC}") = "LibV2", "Tests\SlnDependencyDiagramGenerator.Tests.Integration\Fixtures\Conflicts\LibV2\LibV2.csproj", "{19183A50-9A93-4959-A789-C554092D2BCE}"
EndProject
Project("{2150E333-8FDC-42A3-9474-1A3956D46DE8}") = "Exclusions", "Exclusions", "{EB4D1FE4-9149-BA76-FEA0-478D1E7BE74C}"
EndProject
Project("{FAE04EC0-301F-11D3-BF4B-00C04F79EFBC}") = "LibA", "Tests\SlnDependencyDiagramGenerator.Tests.Integration\Fixtures\Exclusions\LibA\LibA.csproj", "{73030347-7431-4A21-880F-DEA28375A16B}"
EndProject
Project("{FAE04EC0-301F-11D3-BF4B-00C04F79EFBC}") = "LibB", "Tests\SlnDependencyDiagramGenerator.Tests.Integration\Fixtures\Exclusions\LibB\LibB.csproj", "{FDB98A83-B938-48C8-B133-7E26C8E3CB59}"
EndProject
Project("{FAE04EC0-301F-11D3-BF4B-00C04F79EFBC}") = "LibExcluded", "Tests\SlnDependencyDiagramGenerator.Tests.Integration\Fixtures\Exclusions\LibExcluded\LibExcluded.csproj", "{C4C58003-F062-4236-B675-EF1A488530E8}"
EndProject
Project("{2150E333-8FDC-42A3-9474-1A3956D46DE8}") = "FrameworkRefs", "FrameworkRefs", "{4405777E-9583-A861-6B6B-DE31EE652051}"
EndProject
Project("{FAE04EC0-301F-11D3-BF4B-00C04F79EFBC}") = "CoreLib", "Tests\SlnDependencyDiagramGenerator.Tests.Integration\Fixtures\FrameworkRefs\CoreLib\CoreLib.csproj", "{DBF768AC-4283-4E80-A894-DB42BA1BC131}"
EndProject
Project("{FAE04EC0-301F-11D3-BF4B-00C04F79EFBC}") = "WebLib", "Tests\SlnDependencyDiagramGenerator.Tests.Integration\Fixtures\FrameworkRefs\WebLib\WebLib.csproj", "{FB5824D4-4A9C-4D41-A6FD-120EB03B1340}"
EndProject
Project("{2150E333-8FDC-42A3-9474-1A3956D46DE8}") = "Grouping", "Grouping", "{B260DF46-CD69-D163-7C3B-7F5C9386D176}"
EndProject
Project("{FAE04EC0-301F-11D3-BF4B-00C04F79EFBC}") = "LibA", "Tests\SlnDependencyDiagramGenerator.Tests.Integration\Fixtures\Grouping\LibA\LibA.csproj", "{DA957FA3-8472-4C57-B094-A7A435154B36}"
EndProject
Project("{FAE04EC0-301F-11D3-BF4B-00C04F79EFBC}") = "LibB", "Tests\SlnDependencyDiagramGenerator.Tests.Integration\Fixtures\Grouping\LibB\LibB.csproj", "{B3D8E0B4-99D9-4C2D-9A61-7D3C31F93A5E}"
EndProject
Project("{2150E333-8FDC-42A3-9474-1A3956D46DE8}") = "SingleFramework", "SingleFramework", "{153217F7-7FEC-5DE9-1212-FA3E8C78F9BA}"
EndProject
Project("{FAE04EC0-301F-11D3-BF4B-00C04F79EFBC}") = "SoloLib", "Tests\SlnDependencyDiagramGenerator.Tests.Integration\Fixtures\SingleFramework\SoloLib\SoloLib.csproj", "{C502F999-45A9-4E7F-9868-BC9E5024261A}"
EndProject
Project("{2150E333-8FDC-42A3-9474-1A3956D46DE8}") = "Transitive", "Transitive", "{1480D7DA-03C1-4CC0-1B0F-4B7FD445F7F5}"
EndProject
Project("{FAE04EC0-301F-11D3-BF4B-00C04F79EFBC}") = "AppConsole", "Tests\SlnDependencyDiagramGenerator.Tests.Integration\Fixtures\Transitive\AppConsole\AppConsole.csproj", "{FA133176-BAEB-40DD-8713-95E3E2076DAB}"
EndProject
Project("{FAE04EC0-301F-11D3-BF4B-00C04F79EFBC}") = "CoreLib", "Tests\SlnDependencyDiagramGenerator.Tests.Integration\Fixtures\Transitive\CoreLib\CoreLib.csproj", "{92F707BE-35B8-44DB-801B-07F836564E7C}"
EndProject
Project("{2150E333-8FDC-42A3-9474-1A3956D46DE8}") = "Studio", "Studio", "{E7FC634A-46D6-8D60-CF2F-7736DEAAEBAC}"
EndProject
Project("{FAE04EC0-301F-11D3-BF4B-00C04F79EFBC}") = "SlnDependencyStudio.Shared", "Studio\SlnDependencyStudio.Shared\SlnDependencyStudio.Shared.csproj", "{B488BE01-3AFE-4657-B82D-CC0C3F982169}"
EndProject
Project("{2150E333-8FDC-42A3-9474-1A3956D46DE8}") = "Generator", "Generator", "{73BAE748-6149-4F41-92FA-EA42E1F376F2}"
EndProject
Project("{FAE04EC0-301F-11D3-BF4B-00C04F79EFBC}") = "SlnDependencyStudio.Cli", "Studio\SlnDependencyStudio.Cli\SlnDependencyStudio.Cli.csproj", "{39825BBE-C177-44F0-8CFB-C3788D19FE4E}"
EndProject
Global
	GlobalSection(SolutionConfigurationPlatforms) = preSolution
		Debug|Any CPU = Debug|Any CPU
		Debug|x64 = Debug|x64
		Debug|x86 = Debug|x86
		Release|Any CPU = Release|Any CPU
		Release|x64 = Release|x64
		Release|x86 = Release|x86
	EndGlobalSection
	GlobalSection(ProjectConfigurationPlatforms) = postSolution
		{0510903E-8DDB-4A13-842E-5167D7475925}.Debug|Any CPU.ActiveCfg = Debug|Any CPU
		{0510903E-8DDB-4A13-842E-5167D7475925}.Debug|Any CPU.Build.0 = Debug|Any CPU
		{0510903E-8DDB-4A13-842E-5167D7475925}.Debug|x64.ActiveCfg = Debug|Any CPU
		{0510903E-8DDB-4A13-842E-5167D7475925}.Debug|x64.Build.0 = Debug|Any CPU
		{0510903E-8DDB-4A13-842E-5167D7475925}.Debug|x86.ActiveCfg = Debug|Any CPU
		{0510903E-8DDB-4A13-842E-5167D7475925}.Debug|x86.Build.0 = Debug|Any CPU
		{0510903E-8DDB-4A13-842E-5167D7475925}.Release|Any CPU.ActiveCfg = Release|Any CPU
		{0510903E-8DDB-4A13-842E-5167D7475925}.Release|Any CPU.Build.0 = Release|Any CPU
		{0510903E-8DDB-4A13-842E-5167D7475925}.Release|x64.ActiveCfg = Release|Any CPU
		{0510903E-8DDB-4A13-842E-5167D7475925}.Release|x64.Build.0 = Release|Any CPU
		{0510903E-8DDB-4A13-842E-5167D7475925}.Release|x86.ActiveCfg = Release|Any CPU
		{0510903E-8DDB-4A13-842E-5167D7475925}.Release|x86.Build.0 = Release|Any CPU
		{51976E9F-9C04-47D1-8805-33CAF139D711}.Debug|Any CPU.ActiveCfg = Debug|Any CPU
		{51976E9F-9C04-47D1-8805-33CAF139D711}.Debug|Any CPU.Build.0 = Debug|Any CPU
		{51976E9F-9C04-47D1-8805-33CAF139D711}.Debug|x64.ActiveCfg = Debug|Any CPU
		{51976E9F-9C04-47D1-8805-33CAF139D711}.Debug|x64.Build.0 = Debug|Any CPU
		{51976E9F-9C04-47D1-8805-33CAF139D711}.Debug|x86.ActiveCfg = Debug|Any CPU
		{51976E9F-9C04-47D1-8805-33CAF139D711}.Debug|x86.Build.0 = Debug|Any CPU
		{51976E9F-9C04-47D1-8805-33CAF139D711}.Release|Any CPU.ActiveCfg = Release|Any CPU
		{51976E9F-9C04-47D1-8805-33CAF139D711}.Release|Any CPU.Build.0 = Release|Any CPU
		{51976E9F-9C04-47D1-8805-33CAF139D711}.Release|x64.ActiveCfg = Release|Any CPU
		{51976E9F-9C04-47D1-8805-33CAF139D711}.Release|x64.Build.0 = Release|Any CPU
		{51976E9F-9C04-47D1-8805-33CAF139D711}.Release|x86.ActiveCfg = Release|Any CPU
		{51976E9F-9C04-47D1-8805-33CAF139D711}.Release|x86.Build.0 = Release|Any CPU
		{1248A3C1-2D87-94BF-3DBF-CD9BB5EFB137}.Debug|Any CPU.ActiveCfg = Debug|Any CPU
		{1248A3C1-2D87-94BF-3DBF-CD9BB5EFB137}.Debug|Any CPU.Build.0 = Debug|Any CPU
		{1248A3C1-2D87-94BF-3DBF-CD9BB5EFB137}.Debug|x64.ActiveCfg = Debug|Any CPU
		{1248A3C1-2D87-94BF-3DBF-CD9BB5EFB137}.Debug|x64.Build.0 = Debug|Any CPU
		{1248A3C1-2D87-94BF-3DBF-CD9BB5EFB137}.Debug|x86.ActiveCfg = Debug|Any CPU
		{1248A3C1-2D87-94BF-3DBF-CD9BB5EFB137}.Debug|x86.Build.0 = Debug|Any CPU
		{1248A3C1-2D87-94BF-3DBF-CD9BB5EFB137}.Release|Any CPU.ActiveCfg = Release|Any CPU
		{1248A3C1-2D87-94BF-3DBF-CD9BB5EFB137}.Release|Any CPU.Build.0 = Release|Any CPU
		{1248A3C1-2D87-94BF-3DBF-CD9BB5EFB137}.Release|x64.ActiveCfg = Release|Any CPU
		{1248A3C1-2D87-94BF-3DBF-CD9BB5EFB137}.Release|x64.Build.0 = Release|Any CPU
		{1248A3C1-2D87-94BF-3DBF-CD9BB5EFB137}.Release|x86.ActiveCfg = Release|Any CPU
		{1248A3C1-2D87-94BF-3DBF-CD9BB5EFB137}.Release|x86.Build.0 = Release|Any CPU
		{1019B2DF-75C9-4FB7-A126-66DFEE65991B}.Debug|Any CPU.ActiveCfg = Debug|Any CPU
		{1019B2DF-75C9-4FB7-A126-66DFEE65991B}.Debug|Any CPU.Build.0 = Debug|Any CPU
		{1019B2DF-75C9-4FB7-A126-66DFEE65991B}.Debug|x64.ActiveCfg = Debug|Any CPU
		{1019B2DF-75C9-4FB7-A126-66DFEE65991B}.Debug|x64.Build.0 = Debug|Any CPU
		{1019B2DF-75C9-4FB7-A126-66DFEE65991B}.Debug|x86.ActiveCfg = Debug|Any CPU
		{1019B2DF-75C9-4FB7-A126-66DFEE65991B}.Debug|x86.Build.0 = Debug|Any CPU
		{1019B2DF-75C9-4FB7-A126-66DFEE65991B}.Release|Any CPU.ActiveCfg = Release|Any CPU
		{1019B2DF-75C9-4FB7-A126-66DFEE65991B}.Release|Any CPU.Build.0 = Release|Any CPU
		{1019B2DF-75C9-4FB7-A126-66DFEE65991B}.Release|x64.ActiveCfg = Release|Any CPU
		{1019B2DF-75C9-4FB7-A126-66DFEE65991B}.Release|x64.Build.0 = Release|Any CPU
		{1019B2DF-75C9-4FB7-A126-66DFEE65991B}.Release|x86.ActiveCfg = Release|Any CPU
		{1019B2DF-75C9-4FB7-A126-66DFEE65991B}.Release|x86.Build.0 = Release|Any CPU
		{63BB51B4-79D9-4A9C-B428-D77B0D1EBB4C}.Debug|Any CPU.ActiveCfg = Debug|Any CPU
		{63BB51B4-79D9-4A9C-B428-D77B0D1EBB4C}.Debug|Any CPU.Build.0 = Debug|Any CPU
		{63BB51B4-79D9-4A9C-B428-D77B0D1EBB4C}.Debug|x64.ActiveCfg = Debug|Any CPU
		{63BB51B4-79D9-4A9C-B428-D77B0D1EBB4C}.Debug|x64.Build.0 = Debug|Any CPU
		{63BB51B4-79D9-4A9C-B428-D77B0D1EBB4C}.Debug|x86.ActiveCfg = Debug|Any CPU
		{63BB51B4-79D9-4A9C-B428-D77B0D1EBB4C}.Debug|x86.Build.0 = Debug|Any CPU
		{63BB51B4-79D9-4A9C-B428-D77B0D1EBB4C}.Release|Any CPU.ActiveCfg = Release|Any CPU
		{63BB51B4-79D9-4A9C-B428-D77B0D1EBB4C}.Release|Any CPU.Build.0 = Release|Any CPU
		{63BB51B4-79D9-4A9C-B428-D77B0D1EBB4C}.Release|x64.ActiveCfg = Release|Any CPU
		{63BB51B4-79D9-4A9C-B428-D77B0D1EBB4C}.Release|x64.Build.0 = Release|Any CPU
		{63BB51B4-79D9-4A9C-B428-D77B0D1EBB4C}.Release|x86.ActiveCfg = Release|Any CPU
		{63BB51B4-79D9-4A9C-B428-D77B0D1EBB4C}.Release|x86.Build.0 = Release|Any CPU
		{CCB61FEA-3424-4E64-9180-BD4F760BE0DA}.Debug|Any CPU.ActiveCfg = Debug|Any CPU
		{CCB61FEA-3424-4E64-9180-BD4F760BE0DA}.Debug|Any CPU.Build.0 = Debug|Any CPU
		{CCB61FEA-3424-4E64-9180-BD4F760BE0DA}.Debug|x64.ActiveCfg = Debug|Any CPU
		{CCB61FEA-3424-4E64-9180-BD4F760BE0DA}.Debug|x64.Build.0 = Debug|Any CPU
		{CCB61FEA-3424-4E64-9180-BD4F760BE0DA}.Debug|x86.ActiveCfg = Debug|Any CPU
		{CCB61FEA-3424-4E64-9180-BD4F760BE0DA}.Debug|x86.Build.0 = Debug|Any CPU
		{CCB61FEA-3424-4E64-9180-BD4F760BE0DA}.Release|Any CPU.ActiveCfg = Release|Any CPU
		{CCB61FEA-3424-4E64-9180-BD4F760BE0DA}.Release|Any CPU.Build.0 = Release|Any CPU
		{CCB61FEA-3424-4E64-9180-BD4F760BE0DA}.Release|x64.ActiveCfg = Release|Any CPU
		{CCB61FEA-3424-4E64-9180-BD4F760BE0DA}.Release|x64.Build.0 = Release|Any CPU
		{CCB61FEA-3424-4E64-9180-BD4F760BE0DA}.Release|x86.ActiveCfg = Release|Any CPU
		{CCB61FEA-3424-4E64-9180-BD4F760BE0DA}.Release|x86.Build.0 = Release|Any CPU
		{3E065352-A517-4B8F-B529-425139BC0A8F}.Debug|Any CPU.ActiveCfg = Debug|Any CPU
		{3E065352-A517-4B8F-B529-425139BC0A8F}.Debug|Any CPU.Build.0 = Debug|Any CPU
		{3E065352-A517-4B8F-B529-425139BC0A8F}.Debug|x64.ActiveCfg = Debug|Any CPU
		{3E065352-A517-4B8F-B529-425139BC0A8F}.Debug|x64.Build.0 = Debug|Any CPU
		{3E065352-A517-4B8F-B529-425139BC0A8F}.Debug|x86.ActiveCfg = Debug|Any CPU
		{3E065352-A517-4B8F-B529-425139BC0A8F}.Debug|x86.Build.0 = Debug|Any CPU
		{3E065352-A517-4B8F-B529-425139BC0A8F}.Release|Any CPU.ActiveCfg = Release|Any CPU
		{3E065352-A517-4B8F-B529-425139BC0A8F}.Release|Any CPU.Build.0 = Release|Any CPU
		{3E065352-A517-4B8F-B529-425139BC0A8F}.Release|x64.ActiveCfg = Release|Any CPU
		{3E065352-A517-4B8F-B529-425139BC0A8F}.Release|x64.Build.0 = Release|Any CPU
		{3E065352-A517-4B8F-B529-425139BC0A8F}.Release|x86.ActiveCfg = Release|Any CPU
		{3E065352-A517-4B8F-B529-425139BC0A8F}.Release|x86.Build.0 = Release|Any CPU
		{03792577-94FE-45CC-A18F-8474804612A5}.Debug|Any CPU.ActiveCfg = Debug|Any CPU
		{03792577-94FE-45CC-A18F-8474804612A5}.Debug|Any CPU.Build.0 = Debug|Any CPU
		{03792577-94FE-45CC-A18F-8474804612A5}.Debug|x64.ActiveCfg = Debug|Any CPU
		{03792577-94FE-45CC-A18F-8474804612A5}.Debug|x64.Build.0 = Debug|Any CPU
		{03792577-94FE-45CC-A18F-8474804612A5}.Debug|x86.ActiveCfg = Debug|Any CPU
		{03792577-94FE-45CC-A18F-8474804612A5}.Debug|x86.Build.0 = Debug|Any CPU
		{03792577-94FE-45CC-A18F-8474804612A5}.Release|Any CPU.ActiveCfg = Release|Any CPU
		{03792577-94FE-45CC-A18F-8474804612A5}.Release|Any CPU.Build.0 = Release|Any CPU
		{03792577-94FE-45CC-A18F-8474804612A5}.Release|x64.ActiveCfg = Release|Any CPU
		{03792577-94FE-45CC-A18F-8474804612A5}.Release|x64.Build.0 = Release|Any CPU
		{03792577-94FE-45CC-A18F-8474804612A5}.Release|x86.ActiveCfg = Release|Any CPU
		{03792577-94FE-45CC-A18F-8474804612A5}.Release|x86.Build.0 = Release|Any CPU
		{66AF2B86-BA8F-499A-836B-1063E3F1FBEA}.Debug|Any CPU.ActiveCfg = Debug|Any CPU
		{66AF2B86-BA8F-499A-836B-1063E3F1FBEA}.Debug|Any CPU.Build.0 = Debug|Any CPU
		{66AF2B86-BA8F-499A-836B-1063E3F1FBEA}.Debug|x64.ActiveCfg = Debug|Any CPU
		{66AF2B86-BA8F-499A-836B-1063E3F1FBEA}.Debug|x64.Build.0 = Debug|Any CPU
		{66AF2B86-BA8F-499A-836B-1063E3F1FBEA}.Debug|x86.ActiveCfg = Debug|Any CPU
		{66AF2B86-BA8F-499A-836B-1063E3F1FBEA}.Debug|x86.Build.0 = Debug|Any CPU
		{66AF2B86-BA8F-499A-836B-1063E3F1FBEA}.Release|Any CPU.ActiveCfg = Release|Any CPU
		{66AF2B86-BA8F-499A-836B-1063E3F1FBEA}.Release|Any CPU.Build.0 = Release|Any CPU
		{66AF2B86-BA8F-499A-836B-1063E3F1FBEA}.Release|x64.ActiveCfg = Release|Any CPU
		{66AF2B86-BA8F-499A-836B-1063E3F1FBEA}.Release|x64.Build.0 = Release|Any CPU
		{66AF2B86-BA8F-499A-836B-1063E3F1FBEA}.Release|x86.ActiveCfg = Release|Any CPU
		{66AF2B86-BA8F-499A-836B-1063E3F1FBEA}.Release|x86.Build.0 = Release|Any CPU
		{E775A5A8-6B3C-4F4A-B7A7-2B346C4F8B9B}.Debug|Any CPU.ActiveCfg = Debug|Any CPU
		{E775A5A8-6B3C-4F4A-B7A7-2B346C4F8B9B}.Debug|Any CPU.Build.0 = Debug|Any CPU
		{E775A5A8-6B3C-4F4A-B7A7-2B346C4F8B9B}.Debug|x64.ActiveCfg = Debug|Any CPU
		{E775A5A8-6B3C-4F4A-B7A7-2B346C4F8B9B}.Debug|x64.Build.0 = Debug|Any CPU
		{E775A5A8-6B3C-4F4A-B7A7-2B346C4F8B9B}.Debug|x86.ActiveCfg = Debug|Any CPU
		{E775A5A8-6B3C-4F4A-B7A7-2B346C4F8B9B}.Debug|x86.Build.0 = Debug|Any CPU
		{E775A5A8-6B3C-4F4A-B7A7-2B346C4F8B9B}.Release|Any CPU.ActiveCfg = Release|Any CPU
		{E775A5A8-6B3C-4F4A-B7A7-2B346C4F8B9B}.Release|Any CPU.Build.0 = Release|Any CPU
		{E775A5A8-6B3C-4F4A-B7A7-2B346C4F8B9B}.Release|x64.ActiveCfg = Release|Any CPU
		{E775A5A8-6B3C-4F4A-B7A7-2B346C4F8B9B}.Release|x64.Build.0 = Release|Any CPU
		{E775A5A8-6B3C-4F4A-B7A7-2B346C4F8B9B}.Release|x86.ActiveCfg = Release|Any CPU
		{E775A5A8-6B3C-4F4A-B7A7-2B346C4F8B9B}.Release|x86.Build.0 = Release|Any CPU
		{19183A50-9A93-4959-A789-C554092D2BCE}.Debug|Any CPU.ActiveCfg = Debug|Any CPU
		{19183A50-9A93-4959-A789-C554092D2BCE}.Debug|Any CPU.Build.0 = Debug|Any CPU
		{19183A50-9A93-4959-A789-C554092D2BCE}.Debug|x64.ActiveCfg = Debug|Any CPU
		{19183A50-9A93-4959-A789-C554092D2BCE}.Debug|x64.Build.0 = Debug|Any CPU
		{19183A50-9A93-4959-A789-C554092D2BCE}.Debug|x86.ActiveCfg = Debug|Any CPU
		{19183A50-9A93-4959-A789-C554092D2BCE}.Debug|x86.Build.0 = Debug|Any CPU
		{19183A50-9A93-4959-A789-C554092D2BCE}.Release|Any CPU.ActiveCfg = Release|Any CPU
		{19183A50-9A93-4959-A789-C554092D2BCE}.Release|Any CPU.Build.0 = Release|Any CPU
		{19183A50-9A93-4959-A789-C554092D2BCE}.Release|x64.ActiveCfg = Release|Any CPU
		{19183A50-9A93-4959-A789-C554092D2BCE}.Release|x64.Build.0 = Release|Any CPU
		{19183A50-9A93-4959-A789-C554092D2BCE}.Release|x86.ActiveCfg = Release|Any CPU
		{19183A50-9A93-4959-A789-C554092D2BCE}.Release|x86.Build.0 = Release|Any CPU
		{73030347-7431-4A21-880F-DEA28375A16B}.Debug|Any CPU.ActiveCfg = Debug|Any CPU
		{73030347-7431-4A21-880F-DEA28375A16B}.Debug|Any CPU.Build.0 = Debug|Any CPU
		{73030347-7431-4A21-880F-DEA28375A16B}.Debug|x64.ActiveCfg = Debug|Any CPU
		{73030347-7431-4A21-880F-DEA28375A16B}.Debug|x64.Build.0 = Debug|Any CPU
		{73030347-7431-4A21-880F-DEA28375A16B}.Debug|x86.ActiveCfg = Debug|Any CPU
		{73030347-7431-4A21-880F-DEA28375A16B}.Debug|x86.Build.0 = Debug|Any CPU
		{73030347-7431-4A21-880F-DEA28375A16B}.Release|Any CPU.ActiveCfg = Release|Any CPU
		{73030347-7431-4A21-880F-DEA28375A16B}.Release|Any CPU.Build.0 = Release|Any CPU
		{73030347-7431-4A21-880F-DEA28375A16B}.Release|x64.ActiveCfg = Release|Any CPU
		{73030347-7431-4A21-880F-DEA28375A16B}.Release|x64.Build.0 = Release|Any CPU
		{73030347-7431-4A21-880F-DEA28375A16B}.Release|x86.ActiveCfg = Release|Any CPU
		{73030347-7431-4A21-880F-DEA28375A16B}.Release|x86.Build.0 = Release|Any CPU
		{FDB98A83-B938-48C8-B133-7E26C8E3CB59}.Debug|Any CPU.ActiveCfg = Debug|Any CPU
		{FDB98A83-B938-48C8-B133-7E26C8E3CB59}.Debug|Any CPU.Build.0 = Debug|Any CPU
		{FDB98A83-B938-48C8-B133-7E26C8E3CB59}.Debug|x64.ActiveCfg = Debug|Any CPU
		{FDB98A83-B938-48C8-B133-7E26C8E3CB59}.Debug|x64.Build.0 = Debug|Any CPU
		{FDB98A83-B938-48C8-B133-7E26C8E3CB59}.Debug|x86.ActiveCfg = Debug|Any CPU
		{FDB98A83-B938-48C8-B133-7E26C8E3CB59}.Debug|x86.Build.0 = Debug|Any CPU
		{FDB98A83-B938-48C8-B133-7E26C8E3CB59}.Release|Any CPU.ActiveCfg = Release|Any CPU
		{FDB98A83-B938-48C8-B133-7E26C8E3CB59}.Release|Any CPU.Build.0 = Release|Any CPU
		{FDB98A83-B938-48C8-B133-7E26C8E3CB59}.Release|x64.ActiveCfg = Release|Any CPU
		{FDB98A83-B938-48C8-B133-7E26C8E3CB59}.Release|x64.Build.0 = Release|Any CPU
		{FDB98A83-B938-48C8-B133-7E26C8E3CB59}.Release|x86.ActiveCfg = Release|Any CPU
		{FDB98A83-B938-48C8-B133-7E26C8E3CB59}.Release|x86.Build.0 = Release|Any CPU
		{C4C58003-F062-4236-B675-EF1A488530E8}.Debug|Any CPU.ActiveCfg = Debug|Any CPU
		{C4C58003-F062-4236-B675-EF1A488530E8}.Debug|Any CPU.Build.0 = Debug|Any CPU
		{C4C58003-F062-4236-B675-EF1A488530E8}.Debug|x64.ActiveCfg = Debug|Any CPU
		{C4C58003-F062-4236-B675-EF1A488530E8}.Debug|x64.Build.0 = Debug|Any CPU
		{C4C58003-F062-4236-B675-EF1A488530E8}.Debug|x86.ActiveCfg = Debug|Any CPU
		{C4C58003-F062-4236-B675-EF1A488530E8}.Debug|x86.Build.0 = Debug|Any CPU
		{C4C58003-F062-4236-B675-EF1A488530E8}.Release|Any CPU.ActiveCfg = Release|Any CPU
		{C4C58003-F062-4236-B675-EF1A488530E8}.Release|Any CPU.Build.0 = Release|Any CPU
		{C4C58003-F062-4236-B675-EF1A488530E8}.Release|x64.ActiveCfg = Release|Any CPU
		{C4C58003-F062-4236-B675-EF1A488530E8}.Release|x64.Build.0 = Release|Any CPU
		{C4C58003-F062-4236-B675-EF1A488530E8}.Release|x86.ActiveCfg = Release|Any CPU
		{C4C58003-F062-4236-B675-EF1A488530E8}.Release|x86.Build.0 = Release|Any CPU
		{DBF768AC-4283-4E80-A894-DB42BA1BC131}.Debug|Any CPU.ActiveCfg = Debug|Any CPU
		{DBF768AC-4283-4E80-A894-DB42BA1BC131}.Debug|Any CPU.Build.0 = Debug|Any CPU
		{DBF768AC-4283-4E80-A894-DB42BA1BC131}.Debug|x64.ActiveCfg = Debug|Any CPU
		{DBF768AC-4283-4E80-A894-DB42BA1BC131}.Debug|x64.Build.0 = Debug|Any CPU
		{DBF768AC-4283-4E80-A894-DB42BA1BC131}.Debug|x86.ActiveCfg = Debug|Any CPU
		{DBF768AC-4283-4E80-A894-DB42BA1BC131}.Debug|x86.Build.0 = Debug|Any CPU
		{DBF768AC-4283-4E80-A894-DB42BA1BC131}.Release|Any CPU.ActiveCfg = Release|Any CPU
		{DBF768AC-4283-4E80-A894-DB42BA1BC131}.Release|Any CPU.Build.0 = Release|Any CPU
		{DBF768AC-4283-4E80-A894-DB42BA1BC131}.Release|x64.ActiveCfg = Release|Any CPU
		{DBF768AC-4283-4E80-A894-DB42BA1BC131}.Release|x64.Build.0 = Release|Any CPU
		{DBF768AC-4283-4E80-A894-DB42BA1BC131}.Release|x86.ActiveCfg = Release|Any CPU
		{DBF768AC-4283-4E80-A894-DB42BA1BC131}.Release|x86.Build.0 = Release|Any CPU
		{FB5824D4-4A9C-4D41-A6FD-120EB03B1340}.Debug|Any CPU.ActiveCfg = Debug|Any CPU
		{FB5824D4-4A9C-4D41-A6FD-120EB03B1340}.Debug|Any CPU.Build.0 = Debug|Any CPU
		{FB5824D4-4A9C-4D41-A6FD-120EB03B1340}.Debug|x64.ActiveCfg = Debug|Any CPU
		{FB5824D4-4A9C-4D41-A6FD-120EB03B1340}.Debug|x64.Build.0 = Debug|Any CPU
		{FB5824D4-4A9C-4D41-A6FD-120EB03B1340}.Debug|x86.ActiveCfg = Debug|Any CPU
		{FB5824D4-4A9C-4D41-A6FD-120EB03B1340}.Debug|x86.Build.0 = Debug|Any CPU
		{FB5824D4-4A9C-4D41-A6FD-120EB03B1340}.Release|Any CPU.ActiveCfg = Release|Any CPU
		{FB5824D4-4A9C-4D41-A6FD-120EB03B1340}.Release|Any CPU.Build.0 = Release|Any CPU
		{FB5824D4-4A9C-4D41-A6FD-120EB03B1340}.Release|x64.ActiveCfg = Release|Any CPU
		{FB5824D4-4A9C-4D41-A6FD-120EB03B1340}.Release|x64.Build.0 = Release|Any CPU
		{FB5824D4-4A9C-4D41-A6FD-120EB03B1340}.Release|x86.ActiveCfg = Release|Any CPU
		{FB5824D4-4A9C-4D41-A6FD-120EB03B1340}.Release|x86.Build.0 = Release|Any CPU
		{DA957FA3-8472-4C57-B094-A7A435154B36}.Debug|Any CPU.ActiveCfg = Debug|Any CPU
		{DA957FA3-8472-4C57-B094-A7A435154B36}.Debug|Any CPU.Build.0 = Debug|Any CPU
		{DA957FA3-8472-4C57-B094-A7A435154B36}.Debug|x64.ActiveCfg = Debug|Any CPU
		{DA957FA3-8472-4C57-B094-A7A435154B36}.Debug|x64.Build.0 = Debug|Any CPU
		{DA957FA3-8472-4C57-B094-A7A435154B36}.Debug|x86.ActiveCfg = Debug|Any CPU
		{DA957FA3-8472-4C57-B094-A7A435154B36}.Debug|x86.Build.0 = Debug|Any CPU
		{DA957FA3-8472-4C57-B094-A7A435154B36}.Release|Any CPU.ActiveCfg = Release|Any CPU
		{DA957FA3-8472-4C57-B094-A7A435154B36}.Release|Any CPU.Build.0 = Release|Any CPU
		{DA957FA3-8472-4C57-B094-A7A435154B36}.Release|x64.ActiveCfg = Release|Any CPU
		{DA957FA3-8472-4C57-B094-A7A435154B36}.Release|x64.Build.0 = Release|Any CPU
		{DA957FA3-8472-4C57-B094-A7A435154B36}.Release|x86.ActiveCfg = Release|Any CPU
		{DA957FA3-8472-4C57-B094-A7A435154B36}.Release|x86.Build.0 = Release|Any CPU
		{B3D8E0B4-99D9-4C2D-9A61-7D3C31F93A5E}.Debug|Any CPU.ActiveCfg = Debug|Any CPU
		{B3D8E0B4-99D9-4C2D-9A61-7D3C31F93A5E}.Debug|Any CPU.Build.0 = Debug|Any CPU
		{B3D8E0B4-99D9-4C2D-9A61-7D3C31F93A5E}.Debug|x64.ActiveCfg = Debug|Any CPU
		{B3D8E0B4-99D9-4C2D-9A61-7D3C31F93A5E}.Debug|x64.Build.0 = Debug|Any CPU
		{B3D8E0B4-99D9-4C2D-9A61-7D3C31F93A5E}.Debug|x86.ActiveCfg = Debug|Any CPU
		{B3D8E0B4-99D9-4C2D-9A61-7D3C31F93A5E}.Debug|x86.Build.0 = Debug|Any CPU
		{B3D8E0B4-99D9-4C2D-9A61-7D3C31F93A5E}.Release|Any CPU.ActiveCfg = Release|Any CPU
		{B3D8E0B4-99D9-4C2D-9A61-7D3C31F93A5E}.Release|Any CPU.Build.0 = Release|Any CPU
		{B3D8E0B4-99D9-4C2D-9A61-7D3C31F93A5E}.Release|x64.ActiveCfg = Release|Any CPU
		{B3D8E0B4-99D9-4C2D-9A61-7D3C31F93A5E}.Release|x64.Build.0 = Release|Any CPU
		{B3D8E0B4-99D9-4C2D-9A61-7D3C31F93A5E}.Release|x86.ActiveCfg = Release|Any CPU
		{B3D8E0B4-99D9-4C2D-9A61-7D3C31F93A5E}.Release|x86.Build.0 = Release|Any CPU
		{C502F999-45A9-4E7F-9868-BC9E5024261A}.Debug|Any CPU.ActiveCfg = Debug|Any CPU
		{C502F999-45A9-4E7F-9868-BC9E5024261A}.Debug|Any CPU.Build.0 = Debug|Any CPU
		{C502F999-45A9-4E7F-9868-BC9E5024261A}.Debug|x64.ActiveCfg = Debug|Any CPU
		{C502F999-45A9-4E7F-9868-BC9E5024261A}.Debug|x64.Build.0 = Debug|Any CPU
		{C502F999-45A9-4E7F-9868-BC9E5024261A}.Debug|x86.ActiveCfg = Debug|Any CPU
		{C502F999-45A9-4E7F-9868-BC9E5024261A}.Debug|x86.Build.0 = Debug|Any CPU
		{C502F999-45A9-4E7F-9868-BC9E5024261A}.Release|Any CPU.ActiveCfg = Release|Any CPU
		{C502F999-45A9-4E7F-9868-BC9E5024261A}.Release|Any CPU.Build.0 = Release|Any CPU
		{C502F999-45A9-4E7F-9868-BC9E5024261A}.Release|x64.ActiveCfg = Release|Any CPU
		{C502F999-45A9-4E7F-9868-BC9E5024261A}.Release|x64.Build.0 = Release|Any CPU
		{C502F999-45A9-4E7F-9868-BC9E5024261A}.Release|x86.ActiveCfg = Release|Any CPU
		{C502F999-45A9-4E7F-9868-BC9E5024261A}.Release|x86.Build.0 = Release|Any CPU
		{FA133176-BAEB-40DD-8713-95E3E2076DAB}.Debug|Any CPU.ActiveCfg = Debug|Any CPU
		{FA133176-BAEB-40DD-8713-95E3E2076DAB}.Debug|Any CPU.Build.0 = Debug|Any CPU
		{FA133176-BAEB-40DD-8713-95E3E2076DAB}.Debug|x64.ActiveCfg = Debug|Any CPU
		{FA133176-BAEB-40DD-8713-95E3E2076DAB}.Debug|x64.Build.0 = Debug|Any CPU
		{FA133176-BAEB-40DD-8713-95E3E2076DAB}.Debug|x86.ActiveCfg = Debug|Any CPU
		{FA133176-BAEB-40DD-8713-95E3E2076DAB}.Debug|x86.Build.0 = Debug|Any CPU
		{FA133176-BAEB-40DD-8713-95E3E2076DAB}.Release|Any CPU.ActiveCfg = Release|Any CPU
		{FA133176-BAEB-40DD-8713-95E3E2076DAB}.Release|Any CPU.Build.0 = Release|Any CPU
		{FA133176-BAEB-40DD-8713-95E3E2076DAB}.Release|x64.ActiveCfg = Release|Any CPU
		{FA133176-BAEB-40DD-8713-95E3E2076DAB}.Release|x64.Build.0 = Release|Any CPU
		{FA133176-BAEB-40DD-8713-95E3E2076DAB}.Release|x86.ActiveCfg = Release|Any CPU
		{FA133176-BAEB-40DD-8713-95E3E2076DAB}.Release|x86.Build.0 = Release|Any CPU
		{92F707BE-35B8-44DB-801B-07F836564E7C}.Debug|Any CPU.ActiveCfg = Debug|Any CPU
		{92F707BE-35B8-44DB-801B-07F836564E7C}.Debug|Any CPU.Build.0 = Debug|Any CPU
		{92F707BE-35B8-44DB-801B-07F836564E7C}.Debug|x64.ActiveCfg = Debug|Any CPU
		{92F707BE-35B8-44DB-801B-07F836564E7C}.Debug|x64.Build.0 = Debug|Any CPU
		{92F707BE-35B8-44DB-801B-07F836564E7C}.Debug|x86.ActiveCfg = Debug|Any CPU
		{92F707BE-35B8-44DB-801B-07F836564E7C}.Debug|x86.Build.0 = Debug|Any CPU
		{92F707BE-35B8-44DB-801B-07F836564E7C}.Release|Any CPU.ActiveCfg = Release|Any CPU
		{92F707BE-35B8-44DB-801B-07F836564E7C}.Release|Any CPU.Build.0 = Release|Any CPU
		{92F707BE-35B8-44DB-801B-07F836564E7C}.Release|x64.ActiveCfg = Release|Any CPU
		{92F707BE-35B8-44DB-801B-07F836564E7C}.Release|x64.Build.0 = Release|Any CPU
		{92F707BE-35B8-44DB-801B-07F836564E7C}.Release|x86.ActiveCfg = Release|Any CPU
		{92F707BE-35B8-44DB-801B-07F836564E7C}.Release|x86.Build.0 = Release|Any CPU
		{B488BE01-3AFE-4657-B82D-CC0C3F982169}.Debug|Any CPU.ActiveCfg = Debug|Any CPU
		{B488BE01-3AFE-4657-B82D-CC0C3F982169}.Debug|Any CPU.Build.0 = Debug|Any CPU
		{B488BE01-3AFE-4657-B82D-CC0C3F982169}.Debug|x64.ActiveCfg = Debug|Any CPU
		{B488BE01-3AFE-4657-B82D-CC0C3F982169}.Debug|x64.Build.0 = Debug|Any CPU
		{B488BE01-3AFE-4657-B82D-CC0C3F982169}.Debug|x86.ActiveCfg = Debug|Any CPU
		{B488BE01-3AFE-4657-B82D-CC0C3F982169}.Debug|x86.Build.0 = Debug|Any CPU
		{B488BE01-3AFE-4657-B82D-CC0C3F982169}.Release|Any CPU.ActiveCfg = Release|Any CPU
		{B488BE01-3AFE-4657-B82D-CC0C3F982169}.Release|Any CPU.Build.0 = Release|Any CPU
		{B488BE01-3AFE-4657-B82D-CC0C3F982169}.Release|x64.ActiveCfg = Release|Any CPU
		{B488BE01-3AFE-4657-B82D-CC0C3F982169}.Release|x64.Build.0 = Release|Any CPU
		{B488BE01-3AFE-4657-B82D-CC0C3F982169}.Release|x86.ActiveCfg = Release|Any CPU
		{B488BE01-3AFE-4657-B82D-CC0C3F982169}.Release|x86.Build.0 = Release|Any CPU
		{39825BBE-C177-44F0-8CFB-C3788D19FE4E}.Debug|Any CPU.ActiveCfg = Debug|Any CPU
		{39825BBE-C177-44F0-8CFB-C3788D19FE4E}.Debug|Any CPU.Build.0 = Debug|Any CPU
		{39825BBE-C177-44F0-8CFB-C3788D19FE4E}.Debug|x64.ActiveCfg = Debug|Any CPU
		{39825BBE-C177-44F0-8CFB-C3788D19FE4E}.Debug|x64.Build.0 = Debug|Any CPU
		{39825BBE-C177-44F0-8CFB-C3788D19FE4E}.Debug|x86.ActiveCfg = Debug|Any CPU
		{39825BBE-C177-44F0-8CFB-C3788D19FE4E}.Debug|x86.Build.0 = Debug|Any CPU
		{39825BBE-C177-44F0-8CFB-C3788D19FE4E}.Release|Any CPU.ActiveCfg = Release|Any CPU
		{39825BBE-C177-44F0-8CFB-C3788D19FE4E}.Release|Any CPU.Build.0 = Release|Any CPU
		{39825BBE-C177-44F0-8CFB-C3788D19FE4E}.Release|x64.ActiveCfg = Release|Any CPU
		{39825BBE-C177-44F0-8CFB-C3788D19FE4E}.Release|x64.Build.0 = Release|Any CPU
		{39825BBE-C177-44F0-8CFB-C3788D19FE4E}.Release|x86.ActiveCfg = Release|Any CPU
		{39825BBE-C177-44F0-8CFB-C3788D19FE4E}.Release|x86.Build.0 = Release|Any CPU
	EndGlobalSection
	GlobalSection(SolutionProperties) = preSolution
		HideSolutionNode = FALSE
	EndGlobalSection
	GlobalSection(NestedProjects) = preSolution
		{0510903E-8DDB-4A13-842E-5167D7475925} = {73BAE748-6149-4F41-92FA-EA42E1F376F2}
		{51976E9F-9C04-47D1-8805-33CAF139D711} = {D3D38A3A-CC56-4723-89E1-AB7741D0CAF3}
		{1248A3C1-2D87-94BF-3DBF-CD9BB5EFB137} = {D3D38A3A-CC56-4723-89E1-AB7741D0CAF3}
		{1019B2DF-75C9-4FB7-A126-66DFEE65991B} = {0AB3BF05-4346-4AA6-1389-037BE0695223}
		{63BB51B4-79D9-4A9C-B428-D77B0D1EBB4C} = {0AB3BF05-4346-4AA6-1389-037BE0695223}
		{8965A806-772C-4EA3-8724-B15DD6AC6267} = {0AB3BF05-4346-4AA6-1389-037BE0695223}
		{C1E7614D-6015-0FE1-00C6-9EABE9C2D636} = {8965A806-772C-4EA3-8724-B15DD6AC6267}
		{6B006027-87ED-7BAD-9977-5514A8FF6D01} = {C1E7614D-6015-0FE1-00C6-9EABE9C2D636}
		{CCB61FEA-3424-4E64-9180-BD4F760BE0DA} = {6B006027-87ED-7BAD-9977-5514A8FF6D01}
		{3E065352-A517-4B8F-B529-425139BC0A8F} = {6B006027-87ED-7BAD-9977-5514A8FF6D01}
		{03792577-94FE-45CC-A18F-8474804612A5} = {6B006027-87ED-7BAD-9977-5514A8FF6D01}
		{87208799-AF86-3DEE-C4A2-3C9F55AB37C5} = {C1E7614D-6015-0FE1-00C6-9EABE9C2D636}
		{66AF2B86-BA8F-499A-836B-1063E3F1FBEA} = {87208799-AF86-3DEE-C4A2-3C9F55AB37C5}
		{E775A5A8-6B3C-4F4A-B7A7-2B346C4F8B9B} = {87208799-AF86-3DEE-C4A2-3C9F55AB37C5}
		{19183A50-9A93-4959-A789-C554092D2BCE} = {87208799-AF86-3DEE-C4A2-3C9F55AB37C5}
		{EB4D1FE4-9149-BA76-FEA0-478D1E7BE74C} = {C1E7614D-6015-0FE1-00C6-9EABE9C2D636}
		{73030347-7431-4A21-880F-DEA28375A16B} = {EB4D1FE4-9149-BA76-FEA0-478D1E7BE74C}
		{FDB98A83-B938-48C8-B133-7E26C8E3CB59} = {EB4D1FE4-9149-BA76-FEA0-478D1E7BE74C}
		{C4C58003-F062-4236-B675-EF1A488530E8} = {EB4D1FE4-9149-BA76-FEA0-478D1E7BE74C}
		{4405777E-9583-A861-6B6B-DE31EE652051} = {C1E7614D-6015-0FE1-00C6-9EABE9C2D636}
		{DBF768AC-4283-4E80-A894-DB42BA1BC131} = {4405777E-9583-A861-6B6B-DE31EE652051}
		{FB5824D4-4A9C-4D41-A6FD-120EB03B1340} = {4405777E-9583-A861-6B6B-DE31EE652051}
		{B260DF46-CD69-D163-7C3B-7F5C9386D176} = {C1E7614D-6015-0FE1-00C6-9EABE9C2D636}
		{DA957FA3-8472-4C57-B094-A7A435154B36} = {B260DF46-CD69-D163-7C3B-7F5C9386D176}
		{B3D8E0B4-99D9-4C2D-9A61-7D3C31F93A5E} = {B260DF46-CD69-D163-7C3B-7F5C9386D176}
		{153217F7-7FEC-5DE9-1212-FA3E8C78F9BA} = {C1E7614D-6015-0FE1-00C6-9EABE9C2D636}
		{C502F999-45A9-4E7F-9868-BC9E5024261A} = {153217F7-7FEC-5DE9-1212-FA3E8C78F9BA}
		{1480D7DA-03C1-4CC0-1B0F-4B7FD445F7F5} = {C1E7614D-6015-0FE1-00C6-9EABE9C2D636}
		{FA133176-BAEB-40DD-8713-95E3E2076DAB} = {1480D7DA-03C1-4CC0-1B0F-4B7FD445F7F5}
		{92F707BE-35B8-44DB-801B-07F836564E7C} = {1480D7DA-03C1-4CC0-1B0F-4B7FD445F7F5}
		{B488BE01-3AFE-4657-B82D-CC0C3F982169} = {E7FC634A-46D6-8D60-CF2F-7736DEAAEBAC}
		{39825BBE-C177-44F0-8CFB-C3788D19FE4E} = {E7FC634A-46D6-8D60-CF2F-7736DEAAEBAC}
	EndGlobalSection
	GlobalSection(ExtensibilityGlobals) = postSolution
		SolutionGuid = {84E15A70-1B30-4C9C-B34D-E418BF24940C}
	EndGlobalSection
EndGlobal
