
Microsoft Visual Studio Solution File, Format Version 12.00
# Visual Studio Version 17
VisualStudioVersion = 17.0.31903.59
MinimumVisualStudioVersion = 10.0.40219.1
Project("{FAE04EC0-301F-11D3-BF4B-00C04F79EFBC}") = "LibA", "LibA\LibA.csproj", "{5E0A8922-9FAA-47DA-9E1F-D58F9FBB0286}"
EndProject
Project("{FAE04EC0-301F-11D3-BF4B-00C04F79EFBC}") = "LibB", "LibB\LibB.csproj", "{2D7480D1-9BE7-4EC0-BC23-3E88C9AC6BC5}"
EndProject
Project("{FAE04EC0-301F-11D3-BF4B-00C04F79EFBC}") = "LibExcluded", "LibExcluded\LibExcluded.csproj", "{C2BBF939-70DA-4FF8-A2EE-4C85A4877A9A}"
EndProject
Global
	GlobalSection(SolutionConfigurationPlatforms) = preSolution
		Debug|Any CPU = Debug|Any CPU
		Debug|x64 = Debug|x64
		Debug|x86 = Debug|x86
		Release|Any CPU = Release|Any CPU
		Release|x64 = Release|x64
		Release|x86 = Release|x86
	EndGlobalSection
	GlobalSection(ProjectConfigurationPlatforms) = postSolution
		{5E0A8922-9FAA-47DA-9E1F-D58F9FBB0286}.Debug|Any CPU.ActiveCfg = Debug|Any CPU
		{5E0A8922-9FAA-47DA-9E1F-D58F9FBB0286}.Debug|Any CPU.Build.0 = Debug|Any CPU
		{5E0A8922-9FAA-47DA-9E1F-D58F9FBB0286}.Debug|x64.ActiveCfg = Debug|Any CPU
		{5E0A8922-9FAA-47DA-9E1F-D58F9FBB0286}.Debug|x64.Build.0 = Debug|Any CPU
		{5E0A8922-9FAA-47DA-9E1F-D58F9FBB0286}.Debug|x86.ActiveCfg = Debug|Any CPU
		{5E0A8922-9FAA-47DA-9E1F-D58F9FBB0286}.Debug|x86.Build.0 = Debug|Any CPU
		{5E0A8922-9FAA-47DA-9E1F-D58F9FBB0286}.Release|Any CPU.ActiveCfg = Release|Any CPU
		{5E0A8922-9FAA-47DA-9E1F-D58F9FBB0286}.Release|Any CPU.Build.0 = Release|Any CPU
		{5E0A8922-9FAA-47DA-9E1F-D58F9FBB0286}.Release|x64.ActiveCfg = Release|Any CPU
		{5E0A8922-9FAA-47DA-9E1F-D58F9FBB0286}.Release|x64.Build.0 = Release|Any CPU
		{5E0A8922-9FAA-47DA-9E1F-D58F9FBB0286}.Release|x86.ActiveCfg = Release|Any CPU
		{5E0A8922-9FAA-47DA-9E1F-D58F9FBB0286}.Release|x86.Build.0 = Release|Any CPU
		{2D7480D1-9BE7-4EC0-BC23-3E88C9AC6BC5}.Debug|Any CPU.ActiveCfg = Debug|Any CPU
		{2D7480D1-9BE7-4EC0-BC23-3E88C9AC6BC5}.Debug|Any CPU.Build.0 = Debug|Any CPU
		{2D7480D1-9BE7-4EC0-BC23-3E88C9AC6BC5}.Debug|x64.ActiveCfg = Debug|Any CPU
		{2D7480D1-9BE7-4EC0-BC23-3E88C9AC6BC5}.Debug|x64.Build.0 = Debug|Any CPU
		{2D7480D1-9BE7-4EC0-BC23-3E88C9AC6BC5}.Debug|x86.ActiveCfg = Debug|Any CPU
		{2D7480D1-9BE7-4EC0-BC23-3E88C9AC6BC5}.Debug|x86.Build.0 = Debug|Any CPU
		{2D7480D1-9BE7-4EC0-BC23-3E88C9AC6BC5}.Release|Any CPU.ActiveCfg = Release|Any CPU
		{2D7480D1-9BE7-4EC0-BC23-3E88C9AC6BC5}.Release|Any CPU.Build.0 = Release|Any CPU
		{2D7480D1-9BE7-4EC0-BC23-3E88C9AC6BC5}.Release|x64.ActiveCfg = Release|Any CPU
		{2D7480D1-9BE7-4EC0-BC23-3E88C9AC6BC5}.Release|x64.Build.0 = Release|Any CPU
		{2D7480D1-9BE7-4EC0-BC23-3E88C9AC6BC5}.Release|x86.ActiveCfg = Release|Any CPU
		{2D7480D1-9BE7-4EC0-BC23-3E88C9AC6BC5}.Release|x86.Build.0 = Release|Any CPU
		{C2BBF939-70DA-4FF8-A2EE-4C85A4877A9A}.Debug|Any CPU.ActiveCfg = Debug|Any CPU
		{C2BBF939-70DA-4FF8-A2EE-4C85A4877A9A}.Debug|Any CPU.Build.0 = Debug|Any CPU
		{C2BBF939-70DA-4FF8-A2EE-4C85A4877A9A}.Debug|x64.ActiveCfg = Debug|Any CPU
		{C2BBF939-70DA-4FF8-A2EE-4C85A4877A9A}.Debug|x64.Build.0 = Debug|Any CPU
		{C2BBF939-70DA-4FF8-A2EE-4C85A4877A9A}.Debug|x86.ActiveCfg = Debug|Any CPU
		{C2BBF939-70DA-4FF8-A2EE-4C85A4877A9A}.Debug|x86.Build.0 = Debug|Any CPU
		{C2BBF939-70DA-4FF8-A2EE-4C85A4877A9A}.Release|Any CPU.ActiveCfg = Release|Any CPU
		{C2BBF939-70DA-4FF8-A2EE-4C85A4877A9A}.Release|Any CPU.Build.0 = Release|Any CPU
		{C2BBF939-70DA-4FF8-A2EE-4C85A4877A9A}.Release|x64.ActiveCfg = Release|Any CPU
		{C2BBF939-70DA-4FF8-A2EE-4C85A4877A9A}.Release|x64.Build.0 = Release|Any CPU
		{C2BBF939-70DA-4FF8-A2EE-4C85A4877A9A}.Release|x86.ActiveCfg = Release|Any CPU
		{C2BBF939-70DA-4FF8-A2EE-4C85A4877A9A}.Release|x86.Build.0 = Release|Any CPU
	EndGlobalSection
	GlobalSection(SolutionProperties) = preSolution
		HideSolutionNode = FALSE
	EndGlobalSection
EndGlobal
